
Microsoft Visual Studio Solution File, Format Version 12.00
# Visual Studio Version 17
VisualStudioVersion = 17.4.33213.308
MinimumVisualStudioVersion = 10.0.40219.1
Project("{2150E333-8FDC-42A3-9474-1A3956D46DE8}") = "1.Basic.CSharpConcepts", "1.Basic.CSharpConcepts", "{EE972431-3400-448D-9DA4-302F5A03AE84}"
EndProject
Project("{2150E333-8FDC-42A3-9474-1A3956D46DE8}") = "2.Intermediate.CSharpConcepts", "2.Intermediate.CSharpConcepts", "{390A19FF-8E4D-4D72-A4E5-2330D664FCE8}"
EndProject
Project("{2150E333-8FDC-42A3-9474-1A3956D46DE8}") = "3.Advanced.CSharpConecepts", "3.Advanced.CSharpConecepts", "{935585D8-2AA4-42CF-83EF-33015C2E1D69}"
EndProject
Project("{2150E333-8FDC-42A3-9474-1A3956D46DE8}") = "4.Async.CSharpConectps", "4.Async.CSharpConectps", "{CF442B73-EF1D-42D2-8F84-7F00A18D83C9}"
EndProject
Project("{2150E333-8FDC-42A3-9474-1A3956D46DE8}") = "5.Collections.CSharpConecpts", "5.Collections.CSharpConecpts", "{3770F87F-C9B6-4EF2-B943-8D30EB89CC06}"
EndProject
Project("{2150E333-8FDC-42A3-9474-1A3956D46DE8}") = "6.LINQ.CSharpConcepts", "6.LINQ.CSharpConcepts", "{BEA5F276-A9DF-400E-B7B4-6B2731E79779}"
EndProject
Project("{2150E333-8FDC-42A3-9474-1A3956D46DE8}") = "7.Json.CSharpConcepts", "7.Json.CSharpConcepts", "{A8E2B4D8-28FD-43EB-A52F-688E1FDBEDFD}"
EndProject
Project("{2150E333-8FDC-42A3-9474-1A3956D46DE8}") = "i.Strings.CSharpConcepts", "i.Strings.CSharpConcepts", "{74972147-7465-4D68-A695-17CBFFC3F16B}"
EndProject
Project("{2150E333-8FDC-42A3-9474-1A3956D46DE8}") = "i.Lists.CSharpConcepts", "i.Lists.CSharpConcepts", "{522C54B8-9BB0-47A0-84C3-D7945D70DED5}"
EndProject
Project("{2150E333-8FDC-42A3-9474-1A3956D46DE8}") = "ii.Dictionary.CSharpConcepts", "ii.Dictionary.CSharpConcepts", "{9C8E2D7B-B067-418E-AF86-1EB3228CE4BB}"
EndProject
Project("{2150E333-8FDC-42A3-9474-1A3956D46DE8}") = "iii.ArraysAndAlgorithms", "iii.ArraysAndAlgorithms", "{BBD8EA03-0E8A-456A-9950-28BB666AFBF1}"
EndProject
Project("{2150E333-8FDC-42A3-9474-1A3956D46DE8}") = "8.Files.CSharpConcepts", "8.Files.CSharpConcepts", "{98DB727C-CBEF-4C44-94BA-9E82FAD194FC}"
EndProject
Project("{2150E333-8FDC-42A3-9474-1A3956D46DE8}") = "XML.CSharpConcepts", "XML.CSharpConcepts", "{67B1E49C-266C-4CA7-8B50-4C570D9FF81A}"
EndProject
Project("{2150E333-8FDC-42A3-9474-1A3956D46DE8}") = "i.Thread.CSharpConcepts", "i.Thread.CSharpConcepts", "{BE3BADB9-2A7F-4C5C-BCDC-DBACB180E437}"
EndProject
Project("{2150E333-8FDC-42A3-9474-1A3956D46DE8}") = "DotNet", "DotNet", "{C753544F-3CAD-42D8-9EE2-72EDC98D737C}"
EndProject
Project("{2150E333-8FDC-42A3-9474-1A3956D46DE8}") = "2.API", "2.API", "{8426BEF2-0036-4982-8B46-5532A044B511}"
EndProject
Project("{2150E333-8FDC-42A3-9474-1A3956D46DE8}") = "3.MVC", "3.MVC", "{452299A2-0262-4F9F-94E6-96ACA9BCFAAF}"
EndProject
Project("{2150E333-8FDC-42A3-9474-1A3956D46DE8}") = "4.MVCEFCore", "4.MVCEFCore", "{BE7BECD2-693A-48D4-B298-425AD6CFE267}"
EndProject
Project("{2150E333-8FDC-42A3-9474-1A3956D46DE8}") = "6.Blazor", "6.Blazor", "{4CBF6D95-5F97-4066-8F03-0958DD726291}"
EndProject
Project("{2150E333-8FDC-42A3-9474-1A3956D46DE8}") = "7.MAUI", "7.MAUI", "{37498514-6AAB-4E6E-9946-7775041775EB}"
EndProject
Project("{2150E333-8FDC-42A3-9474-1A3956D46DE8}") = "1.DesignPatterens", "1.DesignPatterens", "{D48A36CA-F3DA-4E5A-B7F9-465E2B65C63F}"
EndProject
Project("{2150E333-8FDC-42A3-9474-1A3956D46DE8}") = "5.RazorPages", "5.RazorPages", "{DC6C8645-6DAD-4E5F-A418-0B1D1B03CB5E}"
EndProject
Project("{2150E333-8FDC-42A3-9474-1A3956D46DE8}") = "CSharp", "CSharp", "{5C3CDAE3-9C86-4700-87BA-5F2E2E442FB5}"
EndProject
Project("{2150E333-8FDC-42A3-9474-1A3956D46DE8}") = "TDD", "TDD", "{E846B5D1-58ED-4BF0-90D8-7468327B296B}"
EndProject
Project("{2150E333-8FDC-42A3-9474-1A3956D46DE8}") = "xUnit", "xUnit", "{4219BD2B-22A1-4552-9B0D-8572D5FDB602}"
EndProject
Project("{2150E333-8FDC-42A3-9474-1A3956D46DE8}") = "MSUnit", "MSUnit", "{C8F5F576-3C5E-40D0-92BA-49A887FADCD5}"
EndProject
Project("{2150E333-8FDC-42A3-9474-1A3956D46DE8}") = "NUnit", "NUnit", "{EC9D7107-A505-426C-8216-0D5EC8F11679}"
EndProject
Global
	GlobalSection(SolutionProperties) = preSolution
		HideSolutionNode = FALSE
	EndGlobalSection
	GlobalSection(NestedProjects) = preSolution
		{EE972431-3400-448D-9DA4-302F5A03AE84} = {5C3CDAE3-9C86-4700-87BA-5F2E2E442FB5}
		{390A19FF-8E4D-4D72-A4E5-2330D664FCE8} = {5C3CDAE3-9C86-4700-87BA-5F2E2E442FB5}
		{935585D8-2AA4-42CF-83EF-33015C2E1D69} = {5C3CDAE3-9C86-4700-87BA-5F2E2E442FB5}
		{CF442B73-EF1D-42D2-8F84-7F00A18D83C9} = {5C3CDAE3-9C86-4700-87BA-5F2E2E442FB5}
		{3770F87F-C9B6-4EF2-B943-8D30EB89CC06} = {5C3CDAE3-9C86-4700-87BA-5F2E2E442FB5}
		{BEA5F276-A9DF-400E-B7B4-6B2731E79779} = {5C3CDAE3-9C86-4700-87BA-5F2E2E442FB5}
		{A8E2B4D8-28FD-43EB-A52F-688E1FDBEDFD} = {5C3CDAE3-9C86-4700-87BA-5F2E2E442FB5}
		{74972147-7465-4D68-A695-17CBFFC3F16B} = {390A19FF-8E4D-4D72-A4E5-2330D664FCE8}
		{522C54B8-9BB0-47A0-84C3-D7945D70DED5} = {3770F87F-C9B6-4EF2-B943-8D30EB89CC06}
		{9C8E2D7B-B067-418E-AF86-1EB3228CE4BB} = {3770F87F-C9B6-4EF2-B943-8D30EB89CC06}
		{BBD8EA03-0E8A-456A-9950-28BB666AFBF1} = {3770F87F-C9B6-4EF2-B943-8D30EB89CC06}
		{98DB727C-CBEF-4C44-94BA-9E82FAD194FC} = {5C3CDAE3-9C86-4700-87BA-5F2E2E442FB5}
		{67B1E49C-266C-4CA7-8B50-4C570D9FF81A} = {98DB727C-CBEF-4C44-94BA-9E82FAD194FC}
		{BE3BADB9-2A7F-4C5C-BCDC-DBACB180E437} = {CF442B73-EF1D-42D2-8F84-7F00A18D83C9}
		{8426BEF2-0036-4982-8B46-5532A044B511} = {C753544F-3CAD-42D8-9EE2-72EDC98D737C}
		{452299A2-0262-4F9F-94E6-96ACA9BCFAAF} = {C753544F-3CAD-42D8-9EE2-72EDC98D737C}
		{BE7BECD2-693A-48D4-B298-425AD6CFE267} = {C753544F-3CAD-42D8-9EE2-72EDC98D737C}
		{4CBF6D95-5F97-4066-8F03-0958DD726291} = {C753544F-3CAD-42D8-9EE2-72EDC98D737C}
		{37498514-6AAB-4E6E-9946-7775041775EB} = {C753544F-3CAD-42D8-9EE2-72EDC98D737C}
		{D48A36CA-F3DA-4E5A-B7F9-465E2B65C63F} = {C753544F-3CAD-42D8-9EE2-72EDC98D737C}
		{DC6C8645-6DAD-4E5F-A418-0B1D1B03CB5E} = {C753544F-3CAD-42D8-9EE2-72EDC98D737C}
		{4219BD2B-22A1-4552-9B0D-8572D5FDB602} = {E846B5D1-58ED-4BF0-90D8-7468327B296B}
		{C8F5F576-3C5E-40D0-92BA-49A887FADCD5} = {E846B5D1-58ED-4BF0-90D8-7468327B296B}
		{EC9D7107-A505-426C-8216-0D5EC8F11679} = {E846B5D1-58ED-4BF0-90D8-7468327B296B}
	EndGlobalSection
	GlobalSection(ExtensibilityGlobals) = postSolution
		SolutionGuid = {1D96FB56-DDCA-410F-A8B8-F609EE5C00B8}
	EndGlobalSection
EndGlobal
